// !$*UTF8*$!
{
	archiveVersion = 1;
	classes = {
	};
	objectVersion = 50;
	objects = {

/* Begin PBXBuildFile section */
		F65561EB26411FAE00A21BED /* AppDelegate.m in Sources */ = {isa = PBXBuildFile; fileRef = F65561EA26411FAE00A21BED /* AppDelegate.m */; };
		F65561EE26411FAE00A21BED /* SceneDelegate.m in Sources */ = {isa = PBXBuildFile; fileRef = F65561ED26411FAE00A21BED /* SceneDelegate.m */; };
		F65561F126411FAE00A21BED /* ViewController.m in Sources */ = {isa = PBXBuildFile; fileRef = F65561F026411FAE00A21BED /* ViewController.m */; };
		F65561F426411FAE00A21BED /* Main.storyboard in Resources */ = {isa = PBXBuildFile; fileRef = F65561F226411FAE00A21BED /* Main.storyboard */; };
		F65561F626411FAE00A21BED /* Assets.xcassets in Resources */ = {isa = PBXBuildFile; fileRef = F65561F526411FAE00A21BED /* Assets.xcassets */; };
		F65561F926411FAE00A21BED /* LaunchScreen.storyboard in Resources */ = {isa = PBXBuildFile; fileRef = F65561F726411FAE00A21BED /* LaunchScreen.storyboard */; };
		F65561FC26411FAE00A21BED /* main.m in Sources */ = {isa = PBXBuildFile; fileRef = F65561FB26411FAE00A21BED /* main.m */; };
/* End PBXBuildFile section */

/* Begin PBXFileReference section */
		F65561E626411FAE00A21BED /* ButtonOverBounds.app */ = {isa = PBXFileReference; explicitFileType = wrapper.application; includeInIndex = 0; path = ButtonOverBounds.app; sourceTree = BUILT_PRODUCTS_DIR; };
		F65561E926411FAE00A21BED /* AppDelegate.h */ = {isa = PBXFileReference; lastKnownFileType = sourcecode.c.h; path = AppDelegate.h; sourceTree = "<group>"; };
		F65561EA26411FAE00A21BED /* AppDelegate.m */ = {isa = PBXFileReference; lastKnownFileType = sourcecode.c.objc; path = AppDelegate.m; sourceTree = "<group>"; };
		F65561EC26411FAE00A21BED /* SceneDelegate.h */ = {isa = PBXFileReference; lastKnownFileType = sourcecode.c.h; path = SceneDelegate.h; sourceTree = "<group>"; };
		F65561ED26411FAE00A21BED /* SceneDelegate.m */ = {isa = PBXFileReference; lastKnownFileType = sourcecode.c.objc; path = SceneDelegate.m; sourceTree = "<group>"; };
		F65561EF26411FAE00A21BED /* ViewController.h */ = {isa = PBXFileReference; lastKnownFileType = sourcecode.c.h; path = ViewController.h; sourceTree = "<group>"; };
		F65561F026411FAE00A21BED /* ViewController.m */ = {isa = PBXFileReference; lastKnownFileType = sourcecode.c.objc; path = ViewController.m; sourceTree = "<group>"; };
		F65561F326411FAE00A21BED /* Base */ = {isa = PBXFileReference; lastKnownFileType = file.storyboard; name = Base; path = Base.lproj/Main.storyboard; sourceTree = "<group>"; };
		F65561F526411FAE00A21BED /* Assets.xcassets */ = {isa = PBXFileReference; lastKnownFileType = folder.assetcatalog; path = Assets.xcassets; sourceTree = "<group>"; };
		F65561F826411FAE00A21BED /* Base */ = {isa = PBXFileReference; lastKnownFileType = file.storyboard; name = Base; path = Base.lproj/LaunchScreen.storyboard; sourceTree = "<group>"; };
		F65561FA26411FAE00A21BED /* Info.plist */ = {isa = PBXFileReference; lastKnownFileType = text.plist.xml; path = Info.plist; sourceTree = "<group>"; };
		F65561FB26411FAE00A21BED /* main.m */ = {isa = PBXFileReference; lastKnownFileType = sourcecode.c.objc; path = main.m; sourceTree = "<group>"; };
/* End PBXFileReference section */

/* Begin PBXFrameworksBuildPhase section */
		F65561E326411FAE00A21BED /* Frameworks */ = {
			isa = PBXFrameworksBuildPhase;
			buildActionMask = 2147483647;
			files = (
			);
			runOnlyForDeploymentPostprocessing = 0;
		};
/* End PBXFrameworksBuildPhase section */

/* Begin PBXGroup section */
		F65561DD26411FAE00A21BED = {
			isa = PBXGroup;
			children = (
				F65561E826411FAE00A21BED /* ButtonOverBounds */,
				F65561E726411FAE00A21BED /* Products */,
			);
			sourceTree = "<group>";
		};
		F65561E726411FAE00A21BED /* Products */ = {
			isa = PBXGroup;
			children = (
				F65561E626411FAE00A21BED /* ButtonOverBounds.app */,
			);
			name = Products;
			sourceTree = "<group>";
		};
		F65561E826411FAE00A21BED /* ButtonOverBounds */ = {
			isa = PBXGroup;
			children = (
				F65561E926411FAE00A21BED /* AppDelegate.h */,
				F65561EA26411FAE00A21BED /* AppDelegate.m */,
				F65561EC26411FAE00A21BED /* SceneDelegate.h */,
				F65561ED26411FAE00A21BED /* SceneDelegate.m */,
				F65561EF26411FAE00A21BED /* ViewController.h */,
				F65561F026411FAE00A21BED /* ViewController.m */,
				F65561F226411FAE00A21BED /* Main.storyboard */,
				F65561F526411FAE00A21BED /* Assets.xcassets */,
				F65561F726411FAE00A21BED /* LaunchScreen.storyboard */,
				F65561FA26411FAE00A21BED /* Info.plist */,
				F65561FB26411FAE00A21BED /* main.m */,
			);
			path = ButtonOverBounds;
			sourceTree = "<group>";
		};
/* End PBXGroup section */

/* Begin PBXNativeTarget section */
		F65561E526411FAE00A21BED /* ButtonOverBounds */ = {
			isa = PBXNativeTarget;
			buildConfigurationList = F65561FF26411FAE00A21BED /* Build configuration list for PBXNativeTarget "ButtonOverBounds" */;
			buildPhases = (
				F65561E226411FAE00A21BED /* Sources */,
				F65561E326411FAE00A21BED /* Frameworks */,
				F65561E426411FAE00A21BED /* Resources */,
			);
			buildRules = (
			);
			dependencies = (
			);
			name = ButtonOverBounds;
			productName = ButtonOverBounds;
			productReference = F65561E626411FAE00A21BED /* ButtonOverBounds.app */;
			productType = "com.apple.product-type.application";
		};
/* End PBXNativeTarget section */

/* Begin PBXProject section */
		F65561DE26411FAE00A21BED /* Project object */ = {
			isa = PBXProject;
			attributes = {
				LastUpgradeCheck = 1200;
				TargetAttributes = {
					F65561E526411FAE00A21BED = {
						CreatedOnToolsVersion = 12.0;
					};
				};
			};
			buildConfigurationList = F65561E126411FAE00A21BED /* Build configuration list for PBXProject "ButtonOverBounds" */;
			compatibilityVersion = "Xcode 9.3";
			developmentRegion = en;
			hasScannedForEncodings = 0;
			knownRegions = (
				en,
				Base,
			);
			mainGroup = F65561DD26411FAE00A21BED;
			productRefGroup = F65561E726411FAE00A21BED /* Products */;
			projectDirPath = "";
			projectRoot = "";
			targets = (
				F65561E526411FAE00A21BED /* ButtonOverBounds */,
			);
		};
/* End PBXProject section */

/* Begin PBXResourcesBuildPhase section */
		F65561E426411FAE00A21BED /* Resources */ = {
			isa = PBXResourcesBuildPhase;
			buildActionMask = 2147483647;
			files = (
				F65561F926411FAE00A21BED /* LaunchScreen.storyboard in Resources */,
				F65561F626411FAE00A21BED /* Assets.xcassets in Resources */,
				F65561F426411FAE00A21BED /* Main.storyboard in Resources */,
			);
			runOnlyForDeploymentPostprocessing = 0;
		};
/* End PBXResourcesBuildPhase section */

/* Begin PBXSourcesBuildPhase section */
		F65561E226411FAE00A21BED /* Sources */ = {
			isa = PBXSourcesBuildPhase;
			buildActionMask = 2147483647;
			files = (
				F65561F126411FAE00A21BED /* ViewController.m in Sources */,
				F65561EB26411FAE00A21BED /* AppDelegate.m in Sources */,
				F65561FC26411FAE00A21BED /* main.m in Sources */,
				F65561EE26411FAE00A21BED /* SceneDelegate.m in Sources */,
			);
			runOnlyForDeploymentPostprocessing = 0;
		};
/* End PBXSourcesBuildPhase section */

/* Begin PBXVariantGroup section */
		F65561F226411FAE00A21BED /* Main.storyboard */ = {
			isa = PBXVariantGroup;
			children = (
				F65561F326411FAE00A21BED /* Base */,
			);
			name = Main.storyboard;
			sourceTree = "<group>";
		};
		F65561F726411FAE00A21BED /* LaunchScreen.storyboard */ = {
			isa = PBXVariantGroup;
			children = (
				F65561F826411FAE00A21BED /* Base */,
			);
			name = LaunchScreen.storyboard;
			sourceTree = "<group>";
		};
/* End PBXVariantGroup section */

/* Begin XCBuildConfiguration section */
		F65561FD26411FAE00A21BED /* Debug */ = {
			isa = XCBuildConfiguration;
			buildSettings = {
				ALWAYS_SEARCH_USER_PATHS = NO;
				CLANG_ANALYZER_NONNULL = YES;
				CLANG_ANALYZER_NUMBER_OBJECT_CONVERSION = YES_AGGRESSIVE;
				CLANG_CXX_LANGUAGE_STANDARD = "gnu++14";
				CLANG_CXX_LIBRARY = "libc++";
				CLANG_ENABLE_MODULES = YES;
				CLANG_ENABLE_OBJC_ARC = YES;
				CLANG_ENABLE_OBJC_WEAK = YES;
				CLANG_WARN_BLOCK_CAPTURE_AUTORELEASING = YES;
				CLANG_WARN_BOOL_CONVERSION = YES;
				CLANG_WARN_COMMA = YES;
				CLANG_WARN_CONSTANT_CONVERSION = YES;
				CLANG_WARN_DEPRECATED_OBJC_IMPLEMENTATIONS = YES;
				CLANG_WARN_DIRECT_OBJC_ISA_USAGE = YES_ERROR;
				CLANG_WARN_DOCUMENTATION_COMMENTS = YES;
				CLANG_WARN_EMPTY_BODY = YES;
				CLANG_WARN_ENUM_CONVERSION = YES;
				CLANG_WARN_INFINITE_RECURSION = YES;
				CLANG_WARN_INT_CONVERSION = YES;
				CLANG_WARN_NON_LITERAL_NULL_CONVERSION = YES;
				CLANG_WARN_OBJC_IMPLICIT_RETAIN_SELF = YES;
				CLANG_WARN_OBJC_LITERAL_CONVERSION = YES;
				CLANG_WARN_OBJC_ROOT_CLASS = YES_ERROR;
				CLANG_WARN_QUOTED_INCLUDE_IN_FRAMEWORK_HEADER = YES;
				CLANG_WARN_RANGE_LOOP_ANALYSIS = YES;
				CLANG_WARN_STRICT_PROTOTYPES = YES;
				CLANG_WARN_SUSPICIOUS_MOVE = YES;
				CLANG_WARN_UNGUARDED_AVAILABILITY = YES_AGGRESSIVE;
				CLANG_WARN_UNREACHABLE_CODE = YES;
				CLANG_WARN__DUPLICATE_METHOD_MATCH = YES;
				COPY_PHASE_STRIP = NO;
				DEBUG_INFORMATION_FORMAT = dwarf;
				ENABLE_STRICT_OBJC_MSGSEND = YES;
				ENABLE_TESTABILITY = YES;
				GCC_C_LANGUAGE_STANDARD = gnu11;
				GCC_DYNAMIC_NO_PIC = NO;
				GCC_NO_COMMON_BLOCKS = YES;
				GCC_OPTIMIZATION_LEVEL = 0;
				GCC_PREPROCESSOR_DEFINITIONS = (
					"DEBUG=1",
					"$(inherited)",
				);
				GCC_WARN_64_TO_32_BIT_CONVERSION = YES;
				GCC_WARN_ABOUT_RETURN_TYPE = YES_ERROR;
				GCC_WARN_UNDECLARED_SELECTOR = YES;
				GCC_WARN_UNINITIALIZED_AUTOS = YES_AGGRESSIVE;
				GCC_WARN_UNUSED_FUNCTION = YES;
				GCC_WARN_UNUSED_VARIABLE = YES;
				IPHONEOS_DEPLOYMENT_TARGET = 14.0;
				MTL_ENABLE_DEBUG_INFO = INCLUDE_SOURCE;
				MTL_FAST_MATH = YES;
				ONLY_ACTIVE_ARCH = YES;
				SDKROOT = iphoneos;
			};
			name = Debug;
		};
		F65561FE26411FAE00A21BED /* Release */ = {
			isa = XCBuildConfiguration;
			buildSettings = {
				ALWAYS_SEARCH_USER_PATHS = NO;
				CLANG_ANALYZER_NONNULL = YES;
				CLANG_ANALYZER_NUMBER_OBJECT_CONVERSION = YES_AGGRESSIVE;
				CLANG_CXX_LANGUAGE_STANDARD = "gnu++14";
				CLANG_CXX_LIBRARY = "libc++";
				CLANG_ENABLE_MODULES = YES;
				CLANG_ENABLE_OBJC_ARC = YES;
				CLANG_ENABLE_OBJC_WEAK = YES;
				CLANG_WARN_BLOCK_CAPTURE_AUTORELEASING = YES;
				CLANG_WARN_BOOL_CONVERSION = YES;
				CLANG_WARN_COMMA = YES;
				CLANG_WARN_CONSTANT_CONVERSION = YES;
				CLANG_WARN_DEPRECATED_OBJC_IMPLEMENTATIONS = YES;
				CLANG_WARN_DIRECT_OBJC_ISA_USAGE = YES_ERROR;
				CLANG_WARN_DOCUMENTATION_COMMENTS = YES;
				CLANG_WARN_EMPTY_BODY = YES;
				CLANG_WARN_ENUM_CONVERSION = YES;
				CLANG_WARN_INFINITE_RECURSION = YES;
				CLANG_WARN_INT_CONVERSION = YES;
				CLANG_WARN_NON_LITERAL_NULL_CONVERSION = YES;
				CLANG_WARN_OBJC_IMPLICIT_RETAIN_SELF = YES;
				CLANG_WARN_OBJC_LITERAL_CONVERSION = YES;
				CLANG_WARN_OBJC_ROOT_CLASS = YES_ERROR;
				CLANG_WARN_QUOTED_INCLUDE_IN_FRAMEWORK_HEADER = YES;
				CLANG_WARN_RANGE_LOOP_ANALYSIS = YES;
				CLANG_WARN_STRICT_PROTOTYPES = YES;
				CLANG_WARN_SUSPICIOUS_MOVE = YES;
				CLANG_WARN_UNGUARDED_AVAILABILITY = YES_AGGRESSIVE;
				CLANG_WARN_UNREACHABLE_CODE = YES;
				CLANG_WARN__DUPLICATE_METHOD_MATCH = YES;
				COPY_PHASE_STRIP = NO;
				DEBUG_INFORMATION_FORMAT = "dwarf-with-dsym";
				ENABLE_NS_ASSERTIONS = NO;
				ENABLE_STRICT_OBJC_MSGSEND = YES;
				GCC_C_LANGUAGE_STANDARD = gnu11;
				GCC_NO_COMMON_BLOCKS = YES;
				GCC_WARN_64_TO_32_BIT_CONVERSION = YES;
				GCC_WARN_ABOUT_RETURN_TYPE = YES_ERROR;
				GCC_WARN_UNDECLARED_SELECTOR = YES;
				GCC_WARN_UNINITIALIZED_AUTOS = YES_AGGRESSIVE;
				GCC_WARN_UNUSED_FUNCTION = YES;
				GCC_WARN_UNUSED_VARIABLE = YES;
				IPHONEOS_DEPLOYMENT_TARGET = 14.0;
				MTL_ENABLE_DEBUG_INFO = NO;
				MTL_FAST_MATH = YES;
				SDKROOT = iphoneos;
				VALIDATE_PRODUCT = YES;
			};
			name = Release;
		};
		F655620026411FAE00A21BED /* Debug */ = {
			isa = XCBuildConfiguration;
			buildSettings = {
				ASSETCATALOG_COMPILER_APPICON_NAME = AppIcon;
				ASSETCATALOG_COMPILER_GLOBAL_ACCENT_COLOR_NAME = AccentColor;
				CODE_SIGN_STYLE = Automatic;
				DEVELOPMENT_TEAM = UC4C6H8RR8;
				INFOPLIST_FILE = ButtonOverBounds/Info.plist;
				LD_RUNPATH_SEARCH_PATHS = (
					"$(inherited)",
					"@executable_path/Frameworks",
				);
				PRODUCT_BUNDLE_IDENTIFIER = pd.ButtonOverBounds;
				PRODUCT_NAME = "$(TARGET_NAME)";
				TARGETED_DEVICE_FAMILY = "1,2";
			};
			name = Debug;
		};
		F655620126411FAE00A21BED /* Release */ = {
			isa = XCBuildConfiguration;
			buildSettings = {
				ASSETCATALOG_COMPILER_APPICON_NAME = AppIcon;
				ASSETCATALOG_COMPILER_GLOBAL_ACCENT_COLOR_NAME = AccentColor;
				CODE_SIGN_STYLE = Automatic;
				DEVELOPMENT_TEAM = UC4C6H8RR8;
				INFOPLIST_FILE = ButtonOverBounds/Info.plist;
				LD_RUNPATH_SEARCH_PATHS = (
					"$(inherited)",
					"@executable_path/Frameworks",
				);
				PRODUCT_BUNDLE_IDENTIFIER = pd.ButtonOverBounds;
				PRODUCT_NAME = "$(TARGET_NAME)";
				TARGETED_DEVICE_FAMILY = "1,2";
			};
			name = Release;
		};
/* End XCBuildConfiguration section */

/* Begin XCConfigurationList section */
		F65561E126411FAE00A21BED /* Build configuration list for PBXProject "ButtonOverBounds" */ = {
			isa = XCConfigurationList;
			buildConfigurations = (
				F65561FD26411FAE00A21BED /* Debug */,
				F65561FE26411FAE00A21BED /* Release */,
			);
			defaultConfigurationIsVisible = 0;
			defaultConfigurationName = Release;
		};
		F65561FF26411FAE00A21BED /* Build configuration list for PBXNativeTarget "ButtonOverBounds" */ = {
			isa = XCConfigurationList;
			buildConfigurations = (
				F655620026411FAE00A21BED /* Debug */,
				F655620126411FAE00A21BED /* Release */,
			);
			defaultConfigurationIsVisible = 0;
			defaultConfigurationName = Release;
		};
/* End XCConfigurationList section */
	};
	rootObject = F65561DE26411FAE00A21BED /* Project object */;
}
